
Microsoft Visual Studio Solution File, Format Version 12.00
# Visual Studio Version 16
VisualStudioVersion = 16.0.31613.86
MinimumVisualStudioVersion = 10.0.40219.1
Project("{6EC3EE1D-3C4E-46DD-8F32-0CC8E7565705}") = "FunctionalVRC", "FunctionalVRC\FunctionalVRC.fsproj", "{82147C11-34A1-4444-9205-4616353F0BF8}"
EndProject
Project("{FAE04EC0-301F-11D3-BF4B-00C04F79EFBC}") = "FunctionalBypass", "FunctionalBypass\FunctionalBypass.csproj", "{BB3C0886-ACAB-4693-A28F-64C505B832F8}"
EndProject
Project("{F2A71F9B-5D33-465A-A702-920D77279786}") = "FunctionalLib", "FunctionalLib\FunctionalLib.fsproj", "{C9BE7F49-88AE-43A8-A139-6F40109AF4B3}"
EndProject
Project("{F2A71F9B-5D33-465A-A702-920D77279786}") = "FunctionalLoader", "FunctionalLoader\FunctionalLoader.fsproj", "{043D9829-69DC-444D-BF64-0BF28F358883}"
EndProject
Global
	GlobalSection(SolutionConfigurationPlatforms) = preSolution
		Debug|Any CPU = Debug|Any CPU
		Release|Any CPU = Release|Any CPU
	EndGlobalSection
	GlobalSection(ProjectConfigurationPlatforms) = postSolution
		{82147C11-34A1-4444-9205-4616353F0BF8}.Debug|Any CPU.ActiveCfg = Debug|Any CPU
		{82147C11-34A1-4444-9205-4616353F0BF8}.Debug|Any CPU.Build.0 = Debug|Any CPU
		{82147C11-34A1-4444-9205-4616353F0BF8}.Release|Any CPU.ActiveCfg = Release|Any CPU
		{82147C11-34A1-4444-9205-4616353F0BF8}.Release|Any CPU.Build.0 = Release|Any CPU
		{BB3C0886-ACAB-4693-A28F-64C505B832F8}.Debug|Any CPU.ActiveCfg = Debug|Any CPU
		{BB3C0886-ACAB-4693-A28F-64C505B832F8}.Debug|Any CPU.Build.0 = Debug|Any CPU
		{BB3C0886-ACAB-4693-A28F-64C505B832F8}.Release|Any CPU.ActiveCfg = Release|Any CPU
		{BB3C0886-ACAB-4693-A28F-64C505B832F8}.Release|Any CPU.Build.0 = Release|Any CPU
		{C9BE7F49-88AE-43A8-A139-6F40109AF4B3}.Debug|Any CPU.ActiveCfg = Debug|Any CPU
		{C9BE7F49-88AE-43A8-A139-6F40109AF4B3}.Debug|Any CPU.Build.0 = Debug|Any CPU
		{C9BE7F49-88AE-43A8-A139-6F40109AF4B3}.Release|Any CPU.ActiveCfg = Release|Any CPU
		{C9BE7F49-88AE-43A8-A139-6F40109AF4B3}.Release|Any CPU.Build.0 = Release|Any CPU
		{043D9829-69DC-444D-BF64-0BF28F358883}.Debug|Any CPU.ActiveCfg = Debug|Any CPU
		{043D9829-69DC-444D-BF64-0BF28F358883}.Debug|Any CPU.Build.0 = Debug|Any CPU
		{043D9829-69DC-444D-BF64-0BF28F358883}.Release|Any CPU.ActiveCfg = Release|Any CPU
		{043D9829-69DC-444D-BF64-0BF28F358883}.Release|Any CPU.Build.0 = Release|Any CPU
	EndGlobalSection
	GlobalSection(SolutionProperties) = preSolution
		HideSolutionNode = FALSE
	EndGlobalSection
	GlobalSection(ExtensibilityGlobals) = postSolution
		SolutionGuid = {CE037EFC-B9E1-4D26-97C1-3C3187A63A76}
	EndGlobalSection
EndGlobal
